
Microsoft Visual Studio Solution File, Format Version 12.00
# Visual Studio Version 16
VisualStudioVersion = 25.0.1706.8
MinimumVisualStudioVersion = 10.0.40219.1
Project("{FAE04EC0-301F-11D3-BF4B-00C04F79EFBC}") = "Yinnaxs_BackEnd", "Yinnaxs_BackEnd\Yinnaxs_BackEnd.csproj", "{D63DF117-B059-41E9-B68E-CC4CE02F1E92}"
EndProject
Project("{E53339B2-1760-4266-BCC7-CA923CBCF16C}") = "docker-compose", "docker-compose.dcproj", "{EE5F942C-3DDA-4717-88BC-B98A3BE7D0C0}"
EndProject
Global
	GlobalSection(SolutionConfigurationPlatforms) = preSolution
		Debug|Any CPU = Debug|Any CPU
		Release|Any CPU = Release|Any CPU
	EndGlobalSection
	GlobalSection(ProjectConfigurationPlatforms) = postSolution
		{EE5F942C-3DDA-4717-88BC-B98A3BE7D0C0}.Debug|Any CPU.ActiveCfg = Debug|Any CPU
		{EE5F942C-3DDA-4717-88BC-B98A3BE7D0C0}.Debug|Any CPU.Build.0 = Debug|Any CPU
		{EE5F942C-3DDA-4717-88BC-B98A3BE7D0C0}.Release|Any CPU.ActiveCfg = Release|Any CPU
		{EE5F942C-3DDA-4717-88BC-B98A3BE7D0C0}.Release|Any CPU.Build.0 = Release|Any CPU
	EndGlobalSection
	GlobalSection(SolutionProperties) = preSolution
		HideSolutionNode = FALSE
	EndGlobalSection
	GlobalSection(ExtensibilityGlobals) = postSolution
		SolutionGuid = {CF8560B0-4B45-481D-AAF9-531C4E1AA253}
	EndGlobalSection
EndGlobal
